{
  "projects": [
    {
      "projectId": "aEHVN5v6mfM4eovDsL8Z7d",
      "version": "0.4.0",
      "dependencies": {},
      "lang": "js",
      "fileLocks": [
        {
          "assetId": "aEHVN5v6mfM4eovDsL8Z7d",
          "type": "projectCss",
          "checksum": "1c02168c6b23256606111fdfdbb63549"
        }
      ],
      "codegenVersion": "0.0.1"
    },
    {
      "projectId": "YUiM7yqBWAqsh8KSnrdj7",
      "version": "0.35.0",
      "dependencies": {},
      "lang": "js",
      "fileLocks": [
        {
          "assetId": "YUiM7yqBWAqsh8KSnrdj7",
          "type": "projectCss",
          "checksum": "21b499a9da4edbc2266c72c2ba127787"
        }
      ],
      "codegenVersion": "0.0.1"
    },
    {
      "projectId": "hjKYmYi6HMwK6TRyk7ew5R",
      "version": "6.44.0",
      "dependencies": {},
      "lang": "js",
      "fileLocks": [
        {
          "assetId": "hjKYmYi6HMwK6TRyk7ew5R",
          "type": "projectCss",
          "checksum": "8261c92e439d6a43426690ea3cba615f"
        },
        {
          "assetId": "hjKYmYi6HMwK6TRyk7ew5R",
          "checksum": "f51098be076d3d4d7098fedb86e59cd2",
          "type": "globalContexts"
        }
      ],
      "codegenVersion": "0.0.1"
    },
    {
      "projectId": "gLnoj82AzKVVT7qXiqAbHD",
      "version": "2.16.0",
      "dependencies": {},
      "lang": "js",
      "fileLocks": [
        {
          "assetId": "gLnoj82AzKVVT7qXiqAbHD",
          "type": "projectCss",
          "checksum": "1c02168c6b23256606111fdfdbb63549"
        },
        {
          "type": "renderModule",
          "assetId": "lBHNzts6tFyj",
          "checksum": "84623a18268bfe02f309f5136079f50c"
        },
        {
          "type": "cssRules",
          "assetId": "lBHNzts6tFyj",
          "checksum": "84623a18268bfe02f309f5136079f50c"
        },
        {
          "type": "icon",
          "assetId": "zq2s7N0xWucT",
          "checksum": "bd85295cedaeac0de29b4aa0716fc5ad"
        },
        {
          "type": "icon",
          "assetId": "8K40faRNhuCj",
          "checksum": "d2e49d902b3cffb3c7e3d761d5f3f5af"
        }
      ],
      "codegenVersion": "0.0.1"
    },
    {
      "projectId": "enk3K4vZ6pmH6kVCoZJXGn",
      "version": "4.28.0",
      "dependencies": {},
      "lang": "js",
      "fileLocks": [
        {
          "assetId": "enk3K4vZ6pmH6kVCoZJXGn",
          "type": "projectCss",
          "checksum": "67c68b20701026439269d7beebecfc49"
        }
      ],
      "codegenVersion": "0.0.1"
    },
    {
      "projectId": "58GpZjZCWTaJ8AUhpCwt2K",
      "version": "3.30.0",
      "dependencies": {},
      "lang": "js",
      "fileLocks": [
        {
          "assetId": "58GpZjZCWTaJ8AUhpCwt2K",
          "type": "projectCss",
          "checksum": "f0469e206244772473ab64f50be898f9"
        }
      ],
      "codegenVersion": "0.0.1"
    },
    {
      "projectId": "84wxoth5npGrp6RRXPL88z",
      "version": "4.32.0",
      "dependencies": {},
      "lang": "js",
      "fileLocks": [
        {
          "assetId": "84wxoth5npGrp6RRXPL88z",
          "type": "projectCss",
          "checksum": "aedf7b9afd779b089be209519ad30e96"
        },
        {
          "assetId": "84wxoth5npGrp6RRXPL88z",
          "checksum": "a6922f1d9c72c47827138a4ab01b1554",
          "type": "globalContexts"
        }
      ],
      "codegenVersion": "0.0.1"
    },
    {
      "projectId": "caTPwKxj5ZrD9LQ7DMdK4Z",
      "version": "3.42.0",
      "dependencies": {},
      "lang": "js",
      "fileLocks": [
        {
          "assetId": "caTPwKxj5ZrD9LQ7DMdK4Z",
          "type": "projectCss",
          "checksum": "1c02168c6b23256606111fdfdbb63549"
        }
      ],
      "codegenVersion": "0.0.1"
    },
    {
      "projectId": "7nJ7UcFmq9UzB6eXfC5z4a",
      "version": "0.33.0",
      "dependencies": {},
      "lang": "js",
      "fileLocks": [
        {
          "assetId": "7nJ7UcFmq9UzB6eXfC5z4a",
          "type": "projectCss",
          "checksum": "01e8cee5b9ce00fbc93f494c2a40dbf1"
        }
      ],
      "codegenVersion": "0.0.1"
    },
    {
      "projectId": "ohDidvG9XsCeFumugENU3J",
      "version": "6.31.0",
      "dependencies": {},
      "lang": "js",
      "fileLocks": [
        {
          "assetId": "ohDidvG9XsCeFumugENU3J",
          "type": "projectCss",
          "checksum": "ba2a60a163fca4f4d510275088a2be53"
        },
        {
          "assetId": "ohDidvG9XsCeFumugENU3J",
          "checksum": "f9cc098ce5640eefe7d9edb8470a210c",
          "type": "globalContexts"
        }
      ],
      "codegenVersion": "0.0.1"
    },
    {
      "projectId": "gmeH6XgPaBtkt51HunAo4g",
      "version": "18.19.1",
      "dependencies": {},
      "lang": "js",
      "fileLocks": [
        {
          "assetId": "gmeH6XgPaBtkt51HunAo4g",
          "type": "projectCss",
          "checksum": "1c02168c6b23256606111fdfdbb63549"
        }
      ],
      "codegenVersion": "0.0.1"
    },
    {
      "projectId": "r3ASNrnyvLLLAtDvzUioQ",
      "version": "4.10.0",
      "dependencies": {},
      "lang": "js",
      "fileLocks": [
        {
          "assetId": "r3ASNrnyvLLLAtDvzUioQ",
          "type": "projectCss",
          "checksum": "1c02168c6b23256606111fdfdbb63549"
        }
      ],
      "codegenVersion": "0.0.1"
    },
    {
      "projectId": "dFCW3EJJak7e5FJ1Eb9ZNV",
      "version": "latest",
      "dependencies": {
        "r3ASNrnyvLLLAtDvzUioQ": "4.10.0",
        "gmeH6XgPaBtkt51HunAo4g": "18.19.1",
        "ohDidvG9XsCeFumugENU3J": "6.31.0",
        "7nJ7UcFmq9UzB6eXfC5z4a": "0.33.0",
        "caTPwKxj5ZrD9LQ7DMdK4Z": "3.42.0",
        "84wxoth5npGrp6RRXPL88z": "4.32.0",
        "58GpZjZCWTaJ8AUhpCwt2K": "3.30.0",
        "enk3K4vZ6pmH6kVCoZJXGn": "4.28.0",
        "gLnoj82AzKVVT7qXiqAbHD": "2.16.0",
        "hjKYmYi6HMwK6TRyk7ew5R": "6.44.0",
        "YUiM7yqBWAqsh8KSnrdj7": "0.35.0",
        "aEHVN5v6mfM4eovDsL8Z7d": "0.4.0"
      },
      "lang": "js",
      "fileLocks": [
        {
          "type": "globalVariant",
          "assetId": "3kid9VNeHn18",
          "checksum": "45458b01d7790b8dd35c73c908bc0bf9"
        },
        {
          "assetId": "dFCW3EJJak7e5FJ1Eb9ZNV",
          "checksum": "1f0ec13551ef49f7b2f058d2c11eaee5",
          "type": "globalContexts"
        },
        {
          "type": "renderModule",
          "assetId": "uXDeFc-2K0r3",
          "checksum": "c42333af9d5363e1c80954646676ca25"
        },
        {
          "type": "cssRules",
          "assetId": "uXDeFc-2K0r3",
          "checksum": "c42333af9d5363e1c80954646676ca25"
        },
        {
          "type": "renderModule",
          "assetId": "Bu5HROyf1jyv",
          "checksum": "bebe91693160b18dbe6a9c2abc2fc7de"
        },
        {
          "type": "cssRules",
          "assetId": "Bu5HROyf1jyv",
          "checksum": "bebe91693160b18dbe6a9c2abc2fc7de"
        },
        {
          "type": "renderModule",
          "assetId": "n60jV7QY_Jyh",
          "checksum": "089890cb0bb92127bd93b28d7cab064f"
        },
        {
          "type": "cssRules",
          "assetId": "n60jV7QY_Jyh",
          "checksum": "089890cb0bb92127bd93b28d7cab064f"
        },
        {
          "type": "renderModule",
          "assetId": "Rc2SewPcdB-E",
          "checksum": "8d9416636116b67c11b3caafe6c0f3a6"
        },
        {
          "type": "cssRules",
          "assetId": "Rc2SewPcdB-E",
          "checksum": "8d9416636116b67c11b3caafe6c0f3a6"
        },
        {
          "type": "renderModule",
          "assetId": "yo9YPI9NYHJ_",
          "checksum": "b73892c3b7e165d307174306351cd25d"
        },
        {
          "type": "cssRules",
          "assetId": "yo9YPI9NYHJ_",
          "checksum": "b73892c3b7e165d307174306351cd25d"
        },
        {
          "type": "renderModule",
          "assetId": "CgZJ2xQvPdlI",
          "checksum": "1d8e318a43928b8ba3540d7b656234e2"
        },
        {
          "type": "cssRules",
          "assetId": "CgZJ2xQvPdlI",
          "checksum": "1d8e318a43928b8ba3540d7b656234e2"
        },
        {
          "type": "renderModule",
          "assetId": "Y7fqX3sI9DwK",
          "checksum": "680418cece41cd2472a9c44318bc3c5a"
        },
        {
          "type": "cssRules",
          "assetId": "Y7fqX3sI9DwK",
          "checksum": "680418cece41cd2472a9c44318bc3c5a"
        },
        {
          "type": "renderModule",
          "assetId": "KTw_skn9Gx5B",
          "checksum": "a58a8afae8dcb17466f1cf9ea8893ec8"
        },
        {
          "type": "cssRules",
          "assetId": "KTw_skn9Gx5B",
          "checksum": "a58a8afae8dcb17466f1cf9ea8893ec8"
        },
        {
          "type": "renderModule",
          "assetId": "EX9P5oxU74sB",
          "checksum": "7eacb9082982d6193aa0586793160c43"
        },
        {
          "type": "cssRules",
          "assetId": "EX9P5oxU74sB",
          "checksum": "7eacb9082982d6193aa0586793160c43"
        },
        {
          "type": "renderModule",
          "assetId": "IKTtkS7zSFnq",
          "checksum": "21fa7e6b955c57755d852f8d5a5f9cdd"
        },
        {
          "type": "cssRules",
          "assetId": "IKTtkS7zSFnq",
          "checksum": "21fa7e6b955c57755d852f8d5a5f9cdd"
        },
        {
          "type": "renderModule",
          "assetId": "yCtWMX5HRdDw",
          "checksum": "c1efc30b46bac27e189b37b6bc1df63a"
        },
        {
          "type": "cssRules",
          "assetId": "yCtWMX5HRdDw",
          "checksum": "c1efc30b46bac27e189b37b6bc1df63a"
        },
        {
          "type": "renderModule",
          "assetId": "S-OKsjQ2Ooxo",
          "checksum": "ef85457f5ad1108394ca903312116610"
        },
        {
          "type": "cssRules",
          "assetId": "S-OKsjQ2Ooxo",
          "checksum": "ef85457f5ad1108394ca903312116610"
        },
        {
          "type": "renderModule",
          "assetId": "3BsgUFPrYose",
          "checksum": "1284c444b610d524ec24872ce308f1c9"
        },
        {
          "type": "cssRules",
          "assetId": "3BsgUFPrYose",
          "checksum": "1284c444b610d524ec24872ce308f1c9"
        },
        {
          "type": "renderModule",
          "assetId": "hvtvzhOesMSG",
          "checksum": "0273a538ed256b5c63a1fe6d309e1a6a"
        },
        {
          "type": "cssRules",
          "assetId": "hvtvzhOesMSG",
          "checksum": "0273a538ed256b5c63a1fe6d309e1a6a"
        },
        {
          "type": "renderModule",
          "assetId": "-vUKywbRqfpw",
          "checksum": "5779e34fdbe52a44d708c6568d4c9e04"
        },
        {
          "type": "cssRules",
          "assetId": "-vUKywbRqfpw",
          "checksum": "5779e34fdbe52a44d708c6568d4c9e04"
        },
        {
          "type": "renderModule",
          "assetId": "c-WoZsknJMvG",
          "checksum": "98dba0fb3de0eab150348818d2bd9b97"
        },
        {
          "type": "cssRules",
          "assetId": "c-WoZsknJMvG",
          "checksum": "98dba0fb3de0eab150348818d2bd9b97"
        },
        {
          "type": "renderModule",
          "assetId": "GbGuCsBmiByy",
          "checksum": "0b7f9466bc56f65ee8ce102547f436ea"
        },
        {
          "type": "cssRules",
          "assetId": "GbGuCsBmiByy",
          "checksum": "0b7f9466bc56f65ee8ce102547f436ea"
        },
        {
          "type": "renderModule",
          "assetId": "DItQ1R29cnxx",
          "checksum": "4f6c0660d67c4bc67d2d37392053ff41"
        },
        {
          "type": "cssRules",
          "assetId": "DItQ1R29cnxx",
          "checksum": "4f6c0660d67c4bc67d2d37392053ff41"
        },
        {
          "type": "renderModule",
          "assetId": "SxRk_LenlqCW",
          "checksum": "bd32a74bcad60f6e44de381621928bca"
        },
        {
          "type": "cssRules",
          "assetId": "SxRk_LenlqCW",
          "checksum": "bd32a74bcad60f6e44de381621928bca"
        },
        {
          "type": "icon",
          "assetId": "P6bjUNWJZmH7",
          "checksum": "ba771ab5d84a2e369b457cbfbc757952"
        },
        {
          "type": "icon",
          "assetId": "Sz3Jh9HrOWs7",
          "checksum": "cd08a20fc2fa04a30d132b5ce91a4e15"
        },
        {
          "type": "icon",
          "assetId": "bbuNX9X5GDMe",
          "checksum": "88957693ef62b7ea79ca17f794a3b157"
        },
        {
          "type": "icon",
          "assetId": "0xWx5xDXrEv2",
          "checksum": "5675d35f3a5b8f13c6e9011cbf1b7362"
        },
        {
          "type": "icon",
          "assetId": "BKKFYMTxSx-9",
          "checksum": "f9927b2c8a91e401b8f387b9d0d19792"
        },
        {
          "type": "icon",
          "assetId": "Qi-MuPSyfpPM",
          "checksum": "1df06c4f1654d3a181bdb2a7d3fd5c79"
        },
        {
          "type": "icon",
          "assetId": "xQmykJzmSLGI",
          "checksum": "12cccc023293b1e5cd0fd80787fc51b2"
        },
        {
          "type": "icon",
          "assetId": "umMyypzLF-TW",
          "checksum": "b200d1e1dd613d439a4425a34b715c77"
        },
        {
          "type": "icon",
          "assetId": "dOYxZru_wwRS",
          "checksum": "99c26f1a44c73bbe9b2e9efcd58f0ad5"
        },
        {
          "type": "icon",
          "assetId": "K49WoJ8vW1Cx",
          "checksum": "a4ebc946d1ff499d36c492332ba37d26"
        },
        {
          "type": "icon",
          "assetId": "6QitW_e1Og86",
          "checksum": "2efaaea6881069cb34990325ee403fd7"
        },
        {
          "type": "icon",
          "assetId": "NwsTLQRI2Pn_",
          "checksum": "0735cbe6306fd02f16012aba82b03a3d"
        },
        {
          "type": "icon",
          "assetId": "q7wBTJwDUN9-",
          "checksum": "6d4bae6eec61993cd147ac26f5600d9d"
        },
        {
          "type": "icon",
          "assetId": "oZi9B7lZCf0u",
          "checksum": "7c4a243fbe1028b665f7969326872b2e"
        },
        {
          "type": "icon",
          "assetId": "_2VvyUwW6GG5",
          "checksum": "5cbebeecf28c939ced29d3b0ec118854"
        },
        {
          "type": "icon",
          "assetId": "ixGwRB-b6cFK",
          "checksum": "6759c928080c7fab289c4ab77a6a3a0a"
        },
        {
          "type": "icon",
          "assetId": "Dv5RAP8u45-i",
          "checksum": "2a9c355c404f67657bfb9468af4dac01"
        },
        {
          "type": "icon",
          "assetId": "vV6cZMWV0fRr",
          "checksum": "ea958a41fcbd185a125803276f1f8d49"
        },
        {
          "type": "icon",
          "assetId": "l8Uv02yWtlRc",
          "checksum": "42ebb5d2b88867f55674059ce57588c8"
        },
        {
          "type": "icon",
          "assetId": "eiOkUAtDTvty",
          "checksum": "dbf983015a17d00c444b2d8341700605"
        },
        {
          "type": "icon",
          "assetId": "X7STEPa5X-cd",
          "checksum": "2ebec6033927c07b9f3c5e60b469935f"
        },
        {
          "type": "icon",
          "assetId": "7bBDk8O4rh4o",
          "checksum": "b8c13dcb3388178e769a21deda60174e"
        },
        {
          "type": "icon",
          "assetId": "dUjLiucaLoHr",
          "checksum": "df273d465ce73dafcee410ecd6cef7f0"
        },
        {
          "type": "icon",
          "assetId": "fmQSs-tB2PIg",
          "checksum": "76d0583c4fb745b9070afc9d57749c91"
        },
        {
          "type": "icon",
          "assetId": "veWTmZ3EgmNH",
          "checksum": "85b92ecc56c719fe217403b004a557b1"
        },
        {
          "type": "icon",
          "assetId": "-yarF_1sdt6o",
          "checksum": "f985ae10e5a7a1d63935293fa5992510"
        },
        {
          "type": "icon",
          "assetId": "1Kh6TgXrTJ2U",
          "checksum": "3836b41f4271b399d0563075959facf9"
        },
        {
          "type": "icon",
          "assetId": "ioaQpPMI2CUw",
          "checksum": "ee24cb9ae5525c378a170415d7ba3edf"
        },
        {
          "type": "icon",
          "assetId": "YXldoYY-_JaB",
          "checksum": "e676f5cca50c897f7d2b1eae571a5189"
        },
        {
          "type": "icon",
          "assetId": "d8VmyG769FBU",
          "checksum": "18a12c0a0b036aec60514eb8b4db9c2c"
        },
        {
          "type": "icon",
          "assetId": "5ci7yv0yUE4p",
          "checksum": "123e9e0056fb637ba376f57a5f22ede8"
        },
        {
          "type": "icon",
          "assetId": "rrTMxyROmcGH",
          "checksum": "b4ac995507141dff6005194ef8a178ac"
        },
        {
          "type": "icon",
          "assetId": "KvKlZDf4Y-dw",
          "checksum": "dbf04d0c41bbd7f05fbf736f44fa34db"
        },
        {
          "type": "icon",
          "assetId": "F_9dqKtmyWCC",
          "checksum": "2b3a4ddfd1e1d0e511c43e8fa1393885"
        },
        {
          "type": "icon",
          "assetId": "oFFYQXaFuI63",
          "checksum": "c91e4501e85a258bf53e53cac5c8b3e3"
        },
        {
          "type": "icon",
          "assetId": "c7hGjTZVEAl_",
          "checksum": "fc66376e101abbc36f4ad780930dae76"
        },
        {
          "type": "icon",
          "assetId": "sH0VdRuL8llN",
          "checksum": "8b5107d4ef2c3c4b4d6da1f9b0a6fbe1"
        },
        {
          "type": "icon",
          "assetId": "jpfCHC0jBqpw",
          "checksum": "867cd15d961c1ea7c3ae39b124493476"
        },
        {
          "type": "icon",
          "assetId": "Xgrg5Wd_eD11",
          "checksum": "b8e1607883a905b9ee9071166d58f005"
        },
        {
          "type": "icon",
          "assetId": "PrfGJ4DLIhKy",
          "checksum": "a65af1691c2a46c91a8d39143f56f349"
        },
        {
          "type": "icon",
          "assetId": "bwKidcjVlOgv",
          "checksum": "26f83d49e8a5a6c6cd08ed9ba44777a0"
        },
        {
          "type": "icon",
          "assetId": "D-hfs79gQmG9",
          "checksum": "776e41dd83a9d18d5dcd49e63812bc7c"
        },
        {
          "type": "icon",
          "assetId": "a0AXRx-bM6QJ",
          "checksum": "514d7bedc7befdbc97d5d819d00ab81e"
        },
        {
          "type": "icon",
          "assetId": "YEWPN-2nVWdu",
          "checksum": "abafcbf9ee9ea99546269ef8ae3d82cf"
        },
        {
          "type": "icon",
          "assetId": "yiqTHAMM2X5j",
          "checksum": "3d944d65b844c744b0fea2dc95c72ead"
        },
        {
          "type": "icon",
          "assetId": "6HNgcahnQu82",
          "checksum": "a1c86b23696ab48a31b465240026934d"
        },
        {
          "type": "icon",
          "assetId": "IENMmqVlMhTI",
          "checksum": "ba1cc53aa5d16df03a0688bd436f34d3"
        },
        {
          "type": "icon",
          "assetId": "pCYqUEbGa2Pj",
          "checksum": "555efe9d4c6e19cfddd42e3b70c07810"
        },
        {
          "type": "icon",
          "assetId": "AeZnRHxKnsBB",
          "checksum": "4917490e6b041035360338a2ce1327f3"
        },
        {
          "type": "icon",
          "assetId": "IxwY_TPA0zLe",
          "checksum": "9ad3bb31c67dc9063822f0c7745ee8a2"
        },
        {
          "type": "icon",
          "assetId": "TY0YSLACzw09",
          "checksum": "e45942de787a618f138340b410761670"
        },
        {
          "type": "icon",
          "assetId": "toxWqpde-N9V",
          "checksum": "1c7d7601e6e17fcfca334145052384e0"
        },
        {
          "type": "icon",
          "assetId": "xoCZPMoU7oHX",
          "checksum": "4883f09adb239f7fc4b79cabe1ad028f"
        },
        {
          "type": "icon",
          "assetId": "wBq8Uj6zoMEi",
          "checksum": "3a8a4833bcb02aa9b95081e1d614bdad"
        },
        {
          "type": "icon",
          "assetId": "Pe8zJQzs_cEp",
          "checksum": "575fbe5f97399123f95570153a05eb60"
        },
        {
          "type": "image",
          "assetId": "UsHfis7RH0_9",
          "checksum": "2e9112f0438dfdec11eefa9f5caf1f46"
        },
        {
          "type": "image",
          "assetId": "mEkk5zyizh86",
          "checksum": "a9e260b42829b6a173d7ef734e93739c"
        },
        {
          "type": "image",
          "assetId": "zEtbFpXUbX30",
          "checksum": "30a1e6c145a642f215ba268291443ad3"
        },
        {
          "type": "image",
          "assetId": "5Y_YyLD-zVzz",
          "checksum": "1411c76a3f569ac67d55ed6cd9e52216"
        },
        {
          "type": "image",
          "assetId": "FfH3fLM8cw0P",
          "checksum": "eb8f778aa39af5b2f7db017803ab8b8c"
        },
        {
          "type": "image",
          "assetId": "FD7eCereIBD7",
          "checksum": "e5cedb8a59d8d2579e4a94dadbabb94c"
        },
        {
          "type": "image",
          "assetId": "uhQAhrze0UJV",
          "checksum": "a4254e0bce7e61faebf2229146df421c"
        },
        {
          "type": "image",
          "assetId": "geOtUDkuIAgx",
          "checksum": "da21b4b44af5251d72ab81211fb3d805"
        },
        {
          "type": "image",
          "assetId": "3YZVq9nIBozs",
          "checksum": "468405537e0049739dc457cef253988f"
        },
        {
          "type": "image",
          "assetId": "RgAkCC0YhK6C",
          "checksum": "34d0a51d496077801eff2964ebfb087f"
        },
        {
          "type": "image",
          "assetId": "IYMPJks6OvDk",
          "checksum": "7e1daa1847a81fb4205bdc237f9f9911"
        },
        {
          "type": "image",
          "assetId": "LbIhodneuKIl",
          "checksum": "117c665a1ede4afd4388e6c25a793c6b"
        },
        {
          "type": "image",
          "assetId": "8ER2uCFUxOhS",
          "checksum": "20f78ee5431db15dc41d4b55d3d82978"
        },
        {
          "type": "image",
          "assetId": "hrXrBCukp0Gz",
          "checksum": "534edf4a419ac94069a94c7502ca22f4"
        },
        {
          "type": "image",
          "assetId": "79srpCw9FH4O",
          "checksum": "9aa66bfc5530e69a659cd44971a84163"
        },
        {
          "type": "image",
          "assetId": "_mzsW-Jl2svU",
          "checksum": "89d9eaf1d42eb35b89ba55ffaa0e5669"
        },
        {
          "type": "image",
          "assetId": "hV3tVn6L903a",
          "checksum": "a3300630bacda8443222446cf6fe7708"
        },
        {
          "type": "image",
          "assetId": "S0XA1TxL1W6U",
          "checksum": "d1dc5e75b21da7d67b0248297e94991b"
        },
        {
          "type": "image",
          "assetId": "AAGXaR6CtitD",
          "checksum": "2d855eb09df2419b531aefad8d84df98"
        },
        {
          "type": "image",
          "assetId": "CLA7onqCmzuJ",
          "checksum": "4305219573092bf66123f699d0eed84e"
        },
        {
          "type": "image",
          "assetId": "8G4_Cr2CKIth",
          "checksum": "53847a1c530e3e4597d160fbe3514141"
        },
        {
          "type": "image",
          "assetId": "fHt9qsa8Tj5F",
          "checksum": "4c75010b0172c8573236f2f11e6c8535"
        },
        {
          "type": "image",
          "assetId": "Kz6NM_g8G4II",
          "checksum": "fae20f7236ee3062e80fda63aec3020b"
        },
        {
          "type": "image",
          "assetId": "c9l7pJEAE66N",
          "checksum": "85a3108774f9e0ee5c6eec6ada7c6ff3"
        },
        {
          "type": "image",
          "assetId": "kS7UpIHy3WbA",
          "checksum": "bef9326784737d6b82272913834cf714"
        },
        {
          "type": "image",
          "assetId": "IBC-tNL9cNOg",
          "checksum": "708fe0de40ee5b55aa9cc7a28f033b6c"
        },
        {
          "type": "image",
          "assetId": "XaKiv0FonmPe",
          "checksum": "3b19f6c7e11343ab6b6d14d2cb0ccd1b"
        },
        {
          "type": "image",
          "assetId": "aVY7C6so119v",
          "checksum": "0be852431b45474f473601711ab01ecb"
        },
        {
          "type": "image",
          "assetId": "1GR9ePhuNUNQ",
          "checksum": "647cbf7a9e5776281478d49dee7b6cf1"
        },
        {
          "type": "image",
          "assetId": "BZKgTM97Tg2u",
          "checksum": "7c70b5cf3260ac863e6097ccea66f283"
        },
        {
          "type": "image",
          "assetId": "RflFC6luBqiE",
          "checksum": "0d06285503c5c045fc8a0c5dbc337301"
        },
        {
          "type": "image",
          "assetId": "8O-EJbUPAjvC",
          "checksum": "22f1dd950f5fbc5afb71396f731ca1fe"
        },
        {
          "type": "image",
          "assetId": "TBQfXlix05d5",
          "checksum": "0e389e36cb283f8702477a90f71032b6"
        },
        {
          "type": "image",
          "assetId": "0wGi0VFC7JY_",
          "checksum": "4fe7a8449625a613ca066499989eca17"
        },
        {
          "type": "image",
          "assetId": "H36OUsPqNN1o",
          "checksum": "deab0cd71aa3024b00a88b46a553e6cb"
        },
        {
          "type": "image",
          "assetId": "Wxa63OpnXzu9",
          "checksum": "eddf93d17adf9d88bddcad5fe0f0545f"
        },
        {
          "type": "image",
          "assetId": "aHvaBwhhcFar",
          "checksum": "3fcd5e7097bc144e0878b865d5946c83"
        },
        {
          "type": "image",
          "assetId": "b6HyLAeVKEdI",
          "checksum": "a21714f4fba5ce00865dcc79c07a80e3"
        },
        {
          "type": "image",
          "assetId": "OkzlFi8cfulQ",
          "checksum": "0ec828ccd93ae2958ff9f78bc14c2e12"
        },
        {
          "type": "image",
          "assetId": "o1ByZXfCntZe",
          "checksum": "fabc08e32d34cf511be91e8441a5ef48"
        },
        {
          "type": "image",
          "assetId": "jzfUTZyLU7l3",
          "checksum": "0c799544d5656109e2a0d7126ddf9d6e"
        },
        {
          "type": "image",
          "assetId": "kQXygn1KLJqt",
          "checksum": "d8f50401e9356680f90e266f51951e5d"
        },
        {
          "type": "image",
          "assetId": "mCk6VOkPxFKr",
          "checksum": "9090e26b997f76d9e1a7ec0e7666c6d3"
        },
        {
          "type": "image",
          "assetId": "49MLBm2K7Qgx",
          "checksum": "4837ec39f83bf19aa48e3f557cf04b4e"
        },
        {
          "type": "image",
          "assetId": "cFoEzU9Py4gr",
          "checksum": "683fa2108e55e731d753d621ca56bb1a"
        },
        {
          "type": "image",
          "assetId": "FbhgexV5lWhc",
          "checksum": "348eac7c261e95d6516d21f3c0a6bb97"
        },
        {
          "type": "image",
          "assetId": "68Ttet3zC-ft",
          "checksum": "d785a2778347fce75eeb2679110ed8d3"
        },
        {
          "type": "image",
          "assetId": "NAkeiWJQKE6t",
          "checksum": "31542e7494b7977946e750fd36eea31f"
        },
        {
          "type": "image",
          "assetId": "3J_Vi5KpXNS7",
          "checksum": "1836d4a78e77979b7729332be6295e3d"
        },
        {
          "type": "image",
          "assetId": "kvfSTtRCy1mz",
          "checksum": "1458ff9104e0f1eb22a7da32ac46db51"
        },
        {
          "type": "image",
          "assetId": "WfmD7f-xLdbI",
          "checksum": "384ecd86a77309844d41025d6542b4c6"
        },
        {
          "type": "image",
          "assetId": "wC1fZD7Uq5vt",
          "checksum": "a3af9a1db4ec509bad9bb6a8cd32b04d"
        },
        {
          "type": "image",
          "assetId": "oVrwR1XunzLF",
          "checksum": "ddbc5b741017cd9e4dce3e134b42aa9d"
        },
        {
          "type": "image",
          "assetId": "DZYyG8KO1Ofi",
          "checksum": "a39f07048b2ba0bd73021257469b371d"
        },
        {
          "type": "image",
          "assetId": "RqxPsqXTci9M",
          "checksum": "45c53551683c8d4e78300709cf198e63"
        },
        {
          "type": "image",
          "assetId": "81P3pQ5IyWZ0",
          "checksum": "2981dcb8e58bc8a2c47eca83a12c01a2"
        },
        {
          "type": "image",
          "assetId": "WekkcTzhO9bI",
          "checksum": "385d28f91a7eaa97428320a6b4c1fa8f"
        },
        {
          "type": "image",
          "assetId": "7mz_7oSjhXhQ",
          "checksum": "cd0dca79cbcdd94153b861e5d43cb466"
        },
        {
          "type": "image",
          "assetId": "5qY0V3WmOaSZ",
          "checksum": "136ec8621b0df1bef0164894954c315e"
        },
        {
          "type": "image",
          "assetId": "85icHeGMYAWm",
          "checksum": "419fa972654164588ccbf7e0580c67fb"
        },
        {
          "type": "image",
          "assetId": "0hTZvYgP9lJm",
          "checksum": "2826b40184eb14778f21f612d2bc7a71"
        },
        {
          "type": "image",
          "assetId": "cYWT4oo37P4e",
          "checksum": "fc8643005938a8525c43786112892986"
        },
        {
          "type": "image",
          "assetId": "2-tvaLaO00_7",
          "checksum": "2405a92d4d930e543dabea66b0535819"
        },
        {
          "type": "image",
          "assetId": "DELZgd6PHhwy",
          "checksum": "15ce17433499b8460fbb5bf7196811be"
        },
        {
          "type": "image",
          "assetId": "vCkVvNBCX-7m",
          "checksum": "552b28ddea75e8472593cfb4c930d488"
        },
        {
          "type": "image",
          "assetId": "eJ65nAkz-jQF",
          "checksum": "77e41c4d54020fb2fd0f0e053ab9519f"
        },
        {
          "type": "image",
          "assetId": "Qz875RVHbcmZ",
          "checksum": "763cfa06456d5387bef7d2a0df090e77"
        },
        {
          "type": "image",
          "assetId": "lxXB7l2AkQXc",
          "checksum": "db57a4b9eb2c71785ae1c9d880783c12"
        },
        {
          "type": "image",
          "assetId": "BxFWmRARnFPA",
          "checksum": "0dcb119424d83cacbbea6b0244434cab"
        },
        {
          "type": "image",
          "assetId": "L8me82CR5tgL",
          "checksum": "6940e332c7a5445ceaa63bcc67a87e96"
        },
        {
          "type": "image",
          "assetId": "jiyWifwMGeH3",
          "checksum": "1ee879d46db97a3df1e17cae4f13610e"
        },
        {
          "type": "image",
          "assetId": "WK3oqj5fkSY_",
          "checksum": "7d5718344457b0f0b8a52c6da618d6c7"
        },
        {
          "type": "image",
          "assetId": "oYBv8gIY1mpr",
          "checksum": "4785a985b6535a10d14137c7ffed6383"
        },
        {
          "type": "image",
          "assetId": "E9sF6WnSgO49",
          "checksum": "5085c2374e5658fb8c5db84a7d4a995a"
        },
        {
          "type": "image",
          "assetId": "4YVtbKFKk5B3",
          "checksum": "a19db67d7610a5cfec9d97495cc40082"
        },
        {
          "type": "image",
          "assetId": "eeuOGOAy0Bt6",
          "checksum": "350e2561faf122abaada49e4985cf64e"
        },
        {
          "type": "image",
          "assetId": "V7y1rXLj0oSc",
          "checksum": "a2142b81195c03afb22aff2c324de259"
        },
        {
          "type": "image",
          "assetId": "1vjiQJ3jRWTg",
          "checksum": "93791d77e85f4998943aae5a49bc0b64"
        },
        {
          "type": "image",
          "assetId": "ZVG0QRmRgL0F",
          "checksum": "0fa5a8b662f96890ccb1a3b90e23ff9b"
        },
        {
          "type": "image",
          "assetId": "e2LBxEcAWN2O",
          "checksum": "c4945dd258da8cfffa12b51075dbdfa1"
        },
        {
          "type": "image",
          "assetId": "lB_AihFtKicY",
          "checksum": "7548ef05b8315cdf315eb6ef2f36b423"
        },
        {
          "type": "image",
          "assetId": "EuipWGwyben5",
          "checksum": "64f823c0ec9342a45c57b23cc4cda94e"
        },
        {
          "type": "image",
          "assetId": "kZS8oo3VhdD8",
          "checksum": "20e8a79b52b44c5a278f3376fd893fd6"
        },
        {
          "type": "image",
          "assetId": "-yxmT27lzx8N",
          "checksum": "53302ec6cfaf6d2199512d8f5a52e69f"
        },
        {
          "type": "image",
          "assetId": "6JM1FvSET3Kj",
          "checksum": "f1a8c391e46e806d719b6710cd2888a4"
        },
        {
          "type": "image",
          "assetId": "FHVyiUGEq4y8",
          "checksum": "350d75aa368b4d8128d773047090577e"
        },
        {
          "type": "image",
          "assetId": "heYnhvQUpWII",
          "checksum": "48c5c47a0effbb079c9ccb724c4f68b8"
        },
        {
          "type": "image",
          "assetId": "8Ac0ZtETdAdD",
          "checksum": "02d64973eec58d47037fbd3f20ea7976"
        },
        {
          "type": "image",
          "assetId": "VQLUo_XDPsny",
          "checksum": "5c6eea7ff74b885e773494f808564660"
        },
        {
          "type": "image",
          "assetId": "hX5q0IkDquin",
          "checksum": "0a8d2243f3e2cad1d4bceb82004f5863"
        },
        {
          "type": "image",
          "assetId": "W0x59VMkYJgt",
          "checksum": "50bf0599147ecd8dc807c4f012722cb2"
        },
        {
          "type": "image",
          "assetId": "o9wrptPo9pur",
          "checksum": "a7720f6fb58339ec4d9878be88b6daab"
        },
        {
          "type": "image",
          "assetId": "MDujZLwgql0W",
          "checksum": "e6364f0c8e310087e8424801d0b354f6"
        },
        {
          "type": "image",
          "assetId": "y27f9Ryi_64G",
          "checksum": "06332f7f012300dfc8fcd7bb0d585823"
        },
        {
          "type": "image",
          "assetId": "ZUtP5mfWV4c6",
          "checksum": "a68fc8691de6403c2625f120bbaeb19d"
        },
        {
          "type": "image",
          "assetId": "jObFayPixY-j",
          "checksum": "892d8f6fbe0f15e086da319bd196b2b6"
        },
        {
          "type": "image",
          "assetId": "ZpqsePJnX5p1",
          "checksum": "9d4df50138fd6d3b4f5273cc2bd488fd"
        },
        {
          "type": "image",
          "assetId": "Gdev1ACr-iow",
          "checksum": "88344bddfa3a20e05cb26864f628924e"
        },
        {
          "type": "image",
          "assetId": "V_RDcqagmwDZ",
          "checksum": "f33103e9a6e79e8ee6f49bb0dbbcb78c"
        },
        {
          "type": "image",
          "assetId": "-Elat_0B6PpJ",
          "checksum": "ff8240598c7bd3a3dc95a0932fef05cf"
        },
        {
          "type": "image",
          "assetId": "9P1UXp-nAVYO",
          "checksum": "e5c9d3c0b35d08519dbb94235f30fb47"
        },
        {
          "type": "image",
          "assetId": "mw-QbWeo96uz",
          "checksum": "6678e19ea7178341acaef3aa8979776b"
        },
        {
          "type": "image",
          "assetId": "iArMpBBp0NmO",
          "checksum": "6221cd09dff23a098399664f8009aeb8"
        },
        {
          "type": "image",
          "assetId": "RxR5X0z3Qg07",
          "checksum": "ff6447cc44c2145e9fe3bf68b44bd1cb"
        },
        {
          "type": "image",
          "assetId": "pgCKjb0f5jTi",
          "checksum": "19c0d60ba1e085f41ab89b646f1241d2"
        },
        {
          "type": "image",
          "assetId": "88wztaHi4ZeC",
          "checksum": "37165a1fc0e0052e14f7c16ba321c6e1"
        },
        {
          "type": "image",
          "assetId": "gN3uHbq2tkxd",
          "checksum": "f52dcba4f571ff3b5e2c0ee890ab30e8"
        },
        {
          "type": "image",
          "assetId": "sCzSEltd4Jhd",
          "checksum": "60f74066af8bacc533656651c83c617b"
        },
        {
          "type": "image",
          "assetId": "EVLVWovYSZdQ",
          "checksum": "1b535a0b974343ce0ae40a9f792672d6"
        },
        {
          "type": "image",
          "assetId": "FqQ5aHq4Mq_d",
          "checksum": "676125725d2b766e66b5306b4693de13"
        },
        {
          "type": "image",
          "assetId": "-y3eXrrEg5mG",
          "checksum": "25646d8f067971727d2aa176718da9cb"
        },
        {
          "type": "image",
          "assetId": "KP9c2sX0Ad0j",
          "checksum": "83ad3384167d5f68433cc8911a4cbb44"
        },
        {
          "assetId": "dFCW3EJJak7e5FJ1Eb9ZNV",
          "type": "projectCss",
          "checksum": "1a6c0e90ffa79c251eb05ca00081c50b"
        }
      ],
      "codegenVersion": "0.0.1"
    }
  ],
  "cliVersion": "0.1.338"
}
